
Microsoft Visual Studio Solution File, Format Version 12.00
# Visual Studio 15
VisualStudioVersion = 15.0.28307.102
MinimumVisualStudioVersion = 10.0.40219.1
Project("{8BC9CEB8-8B4A-11D0-8D11-00A0C91BC942}") = "HW_rectangle2", "HW_rectangle2\HW_rectangle2.vcxproj", "{CECF4892-C836-45DC-8ADD-2EA9C6D8D565}"
EndProject
Global
	GlobalSection(SolutionConfigurationPlatforms) = preSolution
		Debug|x64 = Debug|x64
		Debug|x86 = Debug|x86
		Release|x64 = Release|x64
		Release|x86 = Release|x86
	EndGlobalSection
	GlobalSection(ProjectConfigurationPlatforms) = postSolution
		{CECF4892-C836-45DC-8ADD-2EA9C6D8D565}.Debug|x64.ActiveCfg = Debug|x64
		{CECF4892-C836-45DC-8ADD-2EA9C6D8D565}.Debug|x64.Build.0 = Debug|x64
		{CECF4892-C836-45DC-8ADD-2EA9C6D8D565}.Debug|x86.ActiveCfg = Debug|Win32
		{CECF4892-C836-45DC-8ADD-2EA9C6D8D565}.Debug|x86.Build.0 = Debug|Win32
		{CECF4892-C836-45DC-8ADD-2EA9C6D8D565}.Release|x64.ActiveCfg = Release|x64
		{CECF4892-C836-45DC-8ADD-2EA9C6D8D565}.Release|x64.Build.0 = Release|x64
		{CECF4892-C836-45DC-8ADD-2EA9C6D8D565}.Release|x86.ActiveCfg = Release|Win32
		{CECF4892-C836-45DC-8ADD-2EA9C6D8D565}.Release|x86.Build.0 = Release|Win32
	EndGlobalSection
	GlobalSection(SolutionProperties) = preSolution
		HideSolutionNode = FALSE
	EndGlobalSection
	GlobalSection(ExtensibilityGlobals) = postSolution
		SolutionGuid = {8FBE2F6B-E245-484F-987F-5B4A52777278}
	EndGlobalSection
EndGlobal
